
Microsoft Visual Studio Solution File, Format Version 12.00
# Visual Studio 15
VisualStudioVersion = 15.0.26124.0
MinimumVisualStudioVersion = 15.0.26124.0
Project("{F2A71F9B-5D33-465A-A702-920D77279786}") = "Felizia", "Felizia.fsproj", "{03884C80-5449-4999-94CC-1C9B3467FC4A}"
EndProject
Project("{F2A71F9B-5D33-465A-A702-920D77279786}") = "Felizia.Client", "client\Felizia.Client.fsproj", "{B7C7338B-6FC2-4B1B-A431-2A94220C9D5E}"
EndProject
Project("{F2A71F9B-5D33-465A-A702-920D77279786}") = "Felizia.Server", "server\Felizia.Server.fsproj", "{783BB7D7-692A-468B-9E7D-7A4AB86810F9}"
EndProject
Global
	GlobalSection(SolutionConfigurationPlatforms) = preSolution
		Debug|Any CPU = Debug|Any CPU
		Debug|x64 = Debug|x64
		Debug|x86 = Debug|x86
		Release|Any CPU = Release|Any CPU
		Release|x64 = Release|x64
		Release|x86 = Release|x86
	EndGlobalSection
	GlobalSection(SolutionProperties) = preSolution
		HideSolutionNode = FALSE
	EndGlobalSection
	GlobalSection(ProjectConfigurationPlatforms) = postSolution
		{03884C80-5449-4999-94CC-1C9B3467FC4A}.Debug|Any CPU.ActiveCfg = Debug|Any CPU
		{03884C80-5449-4999-94CC-1C9B3467FC4A}.Debug|Any CPU.Build.0 = Debug|Any CPU
		{03884C80-5449-4999-94CC-1C9B3467FC4A}.Debug|x64.ActiveCfg = Debug|Any CPU
		{03884C80-5449-4999-94CC-1C9B3467FC4A}.Debug|x64.Build.0 = Debug|Any CPU
		{03884C80-5449-4999-94CC-1C9B3467FC4A}.Debug|x86.ActiveCfg = Debug|Any CPU
		{03884C80-5449-4999-94CC-1C9B3467FC4A}.Debug|x86.Build.0 = Debug|Any CPU
		{03884C80-5449-4999-94CC-1C9B3467FC4A}.Release|Any CPU.ActiveCfg = Release|Any CPU
		{03884C80-5449-4999-94CC-1C9B3467FC4A}.Release|Any CPU.Build.0 = Release|Any CPU
		{03884C80-5449-4999-94CC-1C9B3467FC4A}.Release|x64.ActiveCfg = Release|Any CPU
		{03884C80-5449-4999-94CC-1C9B3467FC4A}.Release|x64.Build.0 = Release|Any CPU
		{03884C80-5449-4999-94CC-1C9B3467FC4A}.Release|x86.ActiveCfg = Release|Any CPU
		{03884C80-5449-4999-94CC-1C9B3467FC4A}.Release|x86.Build.0 = Release|Any CPU
		{B7C7338B-6FC2-4B1B-A431-2A94220C9D5E}.Debug|Any CPU.ActiveCfg = Debug|Any CPU
		{B7C7338B-6FC2-4B1B-A431-2A94220C9D5E}.Debug|Any CPU.Build.0 = Debug|Any CPU
		{B7C7338B-6FC2-4B1B-A431-2A94220C9D5E}.Debug|x64.ActiveCfg = Debug|Any CPU
		{B7C7338B-6FC2-4B1B-A431-2A94220C9D5E}.Debug|x64.Build.0 = Debug|Any CPU
		{B7C7338B-6FC2-4B1B-A431-2A94220C9D5E}.Debug|x86.ActiveCfg = Debug|Any CPU
		{B7C7338B-6FC2-4B1B-A431-2A94220C9D5E}.Debug|x86.Build.0 = Debug|Any CPU
		{B7C7338B-6FC2-4B1B-A431-2A94220C9D5E}.Release|Any CPU.ActiveCfg = Release|Any CPU
		{B7C7338B-6FC2-4B1B-A431-2A94220C9D5E}.Release|Any CPU.Build.0 = Release|Any CPU
		{B7C7338B-6FC2-4B1B-A431-2A94220C9D5E}.Release|x64.ActiveCfg = Release|Any CPU
		{B7C7338B-6FC2-4B1B-A431-2A94220C9D5E}.Release|x64.Build.0 = Release|Any CPU
		{B7C7338B-6FC2-4B1B-A431-2A94220C9D5E}.Release|x86.ActiveCfg = Release|Any CPU
		{B7C7338B-6FC2-4B1B-A431-2A94220C9D5E}.Release|x86.Build.0 = Release|Any CPU
		{783BB7D7-692A-468B-9E7D-7A4AB86810F9}.Debug|Any CPU.ActiveCfg = Debug|Any CPU
		{783BB7D7-692A-468B-9E7D-7A4AB86810F9}.Debug|Any CPU.Build.0 = Debug|Any CPU
		{783BB7D7-692A-468B-9E7D-7A4AB86810F9}.Debug|x64.ActiveCfg = Debug|Any CPU
		{783BB7D7-692A-468B-9E7D-7A4AB86810F9}.Debug|x64.Build.0 = Debug|Any CPU
		{783BB7D7-692A-468B-9E7D-7A4AB86810F9}.Debug|x86.ActiveCfg = Debug|Any CPU
		{783BB7D7-692A-468B-9E7D-7A4AB86810F9}.Debug|x86.Build.0 = Debug|Any CPU
		{783BB7D7-692A-468B-9E7D-7A4AB86810F9}.Release|Any CPU.ActiveCfg = Release|Any CPU
		{783BB7D7-692A-468B-9E7D-7A4AB86810F9}.Release|Any CPU.Build.0 = Release|Any CPU
		{783BB7D7-692A-468B-9E7D-7A4AB86810F9}.Release|x64.ActiveCfg = Release|Any CPU
		{783BB7D7-692A-468B-9E7D-7A4AB86810F9}.Release|x64.Build.0 = Release|Any CPU
		{783BB7D7-692A-468B-9E7D-7A4AB86810F9}.Release|x86.ActiveCfg = Release|Any CPU
		{783BB7D7-692A-468B-9E7D-7A4AB86810F9}.Release|x86.Build.0 = Release|Any CPU
	EndGlobalSection
EndGlobal
