
Microsoft Visual Studio Solution File, Format Version 12.00
# Visual Studio 15
VisualStudioVersion = 15.0.26124.0
MinimumVisualStudioVersion = 15.0.26124.0
Project("{F2A71F9B-5D33-465A-A702-920D77279786}") = "Felizia", "Felizia.fsproj", "{B991678D-CCDE-4DAF-8A95-90509E7B4C1F}"
EndProject
Project("{F2A71F9B-5D33-465A-A702-920D77279786}") = "Felizia.ViewEngine", "server\Felizia.ViewEngine.fsproj", "{61A0B477-7D68-4E01-A679-6E9C44BAA4C0}"
EndProject
Global
	GlobalSection(SolutionConfigurationPlatforms) = preSolution
		Debug|Any CPU = Debug|Any CPU
		Debug|x64 = Debug|x64
		Debug|x86 = Debug|x86
		Release|Any CPU = Release|Any CPU
		Release|x64 = Release|x64
		Release|x86 = Release|x86
	EndGlobalSection
	GlobalSection(SolutionProperties) = preSolution
		HideSolutionNode = FALSE
	EndGlobalSection
	GlobalSection(ProjectConfigurationPlatforms) = postSolution
		{B991678D-CCDE-4DAF-8A95-90509E7B4C1F}.Debug|Any CPU.ActiveCfg = Debug|Any CPU
		{B991678D-CCDE-4DAF-8A95-90509E7B4C1F}.Debug|Any CPU.Build.0 = Debug|Any CPU
		{B991678D-CCDE-4DAF-8A95-90509E7B4C1F}.Debug|x64.ActiveCfg = Debug|Any CPU
		{B991678D-CCDE-4DAF-8A95-90509E7B4C1F}.Debug|x64.Build.0 = Debug|Any CPU
		{B991678D-CCDE-4DAF-8A95-90509E7B4C1F}.Debug|x86.ActiveCfg = Debug|Any CPU
		{B991678D-CCDE-4DAF-8A95-90509E7B4C1F}.Debug|x86.Build.0 = Debug|Any CPU
		{B991678D-CCDE-4DAF-8A95-90509E7B4C1F}.Release|Any CPU.ActiveCfg = Release|Any CPU
		{B991678D-CCDE-4DAF-8A95-90509E7B4C1F}.Release|Any CPU.Build.0 = Release|Any CPU
		{B991678D-CCDE-4DAF-8A95-90509E7B4C1F}.Release|x64.ActiveCfg = Release|Any CPU
		{B991678D-CCDE-4DAF-8A95-90509E7B4C1F}.Release|x64.Build.0 = Release|Any CPU
		{B991678D-CCDE-4DAF-8A95-90509E7B4C1F}.Release|x86.ActiveCfg = Release|Any CPU
		{B991678D-CCDE-4DAF-8A95-90509E7B4C1F}.Release|x86.Build.0 = Release|Any CPU
		{61A0B477-7D68-4E01-A679-6E9C44BAA4C0}.Debug|Any CPU.ActiveCfg = Debug|Any CPU
		{61A0B477-7D68-4E01-A679-6E9C44BAA4C0}.Debug|Any CPU.Build.0 = Debug|Any CPU
		{61A0B477-7D68-4E01-A679-6E9C44BAA4C0}.Debug|x64.ActiveCfg = Debug|Any CPU
		{61A0B477-7D68-4E01-A679-6E9C44BAA4C0}.Debug|x64.Build.0 = Debug|Any CPU
		{61A0B477-7D68-4E01-A679-6E9C44BAA4C0}.Debug|x86.ActiveCfg = Debug|Any CPU
		{61A0B477-7D68-4E01-A679-6E9C44BAA4C0}.Debug|x86.Build.0 = Debug|Any CPU
		{61A0B477-7D68-4E01-A679-6E9C44BAA4C0}.Release|Any CPU.ActiveCfg = Release|Any CPU
		{61A0B477-7D68-4E01-A679-6E9C44BAA4C0}.Release|Any CPU.Build.0 = Release|Any CPU
		{61A0B477-7D68-4E01-A679-6E9C44BAA4C0}.Release|x64.ActiveCfg = Release|Any CPU
		{61A0B477-7D68-4E01-A679-6E9C44BAA4C0}.Release|x64.Build.0 = Release|Any CPU
		{61A0B477-7D68-4E01-A679-6E9C44BAA4C0}.Release|x86.ActiveCfg = Release|Any CPU
		{61A0B477-7D68-4E01-A679-6E9C44BAA4C0}.Release|x86.Build.0 = Release|Any CPU
	EndGlobalSection
EndGlobal
